// !$*UTF8*$!
{
	archiveVersion = 1;
	classes = {
	};
	objectVersion = 55;
	objects = {

/* Begin PBXBuildFile section */
		523C118B2829BEAD009A6474 /* main.cpp in Sources */ = {isa = PBXBuildFile; fileRef = 523C118A2829BEAD009A6474 /* main.cpp */; };
		523C11932829BF4D009A6474 /* HGP_code.cpp in Sources */ = {isa = PBXBuildFile; fileRef = 523C11912829BF4D009A6474 /* HGP_code.cpp */; };
		523C1196282B30E4009A6474 /* vide_decoder.cpp in Sources */ = {isa = PBXBuildFile; fileRef = 523C1194282B30E4009A6474 /* vide_decoder.cpp */; };
		528A5BA0283D57CC004BE9AC /* dense_z2_solver.cpp in Sources */ = {isa = PBXBuildFile; fileRef = 528A5B9E283D57CC004BE9AC /* dense_z2_solver.cpp */; };
		52A255AA2847DC84001D434C /* int_z2.cpp in Sources */ = {isa = PBXBuildFile; fileRef = 52A255A82847DC84001D434C /* int_z2.cpp */; };
		52A255AD2848021C001D434C /* sparse_z2_solver.cpp in Sources */ = {isa = PBXBuildFile; fileRef = 52A255AB2848021C001D434C /* sparse_z2_solver.cpp */; };
/* End PBXBuildFile section */

/* Begin PBXCopyFilesBuildPhase section */
		523C11852829BEAD009A6474 /* CopyFiles */ = {
			isa = PBXCopyFilesBuildPhase;
			buildActionMask = 2147483647;
			dstPath = /usr/share/man/man1/;
			dstSubfolderSpec = 0;
			files = (
			);
			runOnlyForDeploymentPostprocessing = 1;
		};
/* End PBXCopyFilesBuildPhase section */

/* Begin PBXFileReference section */
		523C11872829BEAD009A6474 /* LDPCDecoders */ = {isa = PBXFileReference; explicitFileType = "compiled.mach-o.executable"; includeInIndex = 0; path = LDPCDecoders; sourceTree = BUILT_PRODUCTS_DIR; };
		523C118A2829BEAD009A6474 /* main.cpp */ = {isa = PBXFileReference; lastKnownFileType = sourcecode.cpp.cpp; path = main.cpp; sourceTree = "<group>"; };
		523C11912829BF4D009A6474 /* HGP_code.cpp */ = {isa = PBXFileReference; lastKnownFileType = sourcecode.cpp.cpp; path = HGP_code.cpp; sourceTree = "<group>"; };
		523C11922829BF4D009A6474 /* HGP_code.hpp */ = {isa = PBXFileReference; lastKnownFileType = sourcecode.cpp.h; path = HGP_code.hpp; sourceTree = "<group>"; };
		523C1194282B30E4009A6474 /* vide_decoder.cpp */ = {isa = PBXFileReference; lastKnownFileType = sourcecode.cpp.cpp; path = vide_decoder.cpp; sourceTree = "<group>"; };
		523C1195282B30E4009A6474 /* vide_decoder.hpp */ = {isa = PBXFileReference; lastKnownFileType = sourcecode.cpp.h; path = vide_decoder.hpp; sourceTree = "<group>"; };
		528A5B9E283D57CC004BE9AC /* dense_z2_solver.cpp */ = {isa = PBXFileReference; lastKnownFileType = sourcecode.cpp.cpp; path = dense_z2_solver.cpp; sourceTree = "<group>"; };
		528A5B9F283D57CC004BE9AC /* dense_z2_solver.hpp */ = {isa = PBXFileReference; lastKnownFileType = sourcecode.cpp.h; path = dense_z2_solver.hpp; sourceTree = "<group>"; };
		52A255A82847DC84001D434C /* int_z2.cpp */ = {isa = PBXFileReference; lastKnownFileType = sourcecode.cpp.cpp; path = int_z2.cpp; sourceTree = "<group>"; };
		52A255A92847DC84001D434C /* int_z2.hpp */ = {isa = PBXFileReference; lastKnownFileType = sourcecode.cpp.h; path = int_z2.hpp; sourceTree = "<group>"; };
		52A255AB2848021C001D434C /* sparse_z2_solver.cpp */ = {isa = PBXFileReference; lastKnownFileType = sourcecode.cpp.cpp; path = sparse_z2_solver.cpp; sourceTree = "<group>"; };
		52A255AC2848021C001D434C /* sparse_z2_solver.hpp */ = {isa = PBXFileReference; lastKnownFileType = sourcecode.cpp.h; path = sparse_z2_solver.hpp; sourceTree = "<group>"; };
/* End PBXFileReference section */

/* Begin PBXFrameworksBuildPhase section */
		523C11842829BEAD009A6474 /* Frameworks */ = {
			isa = PBXFrameworksBuildPhase;
			buildActionMask = 2147483647;
			files = (
			);
			runOnlyForDeploymentPostprocessing = 0;
		};
/* End PBXFrameworksBuildPhase section */

/* Begin PBXGroup section */
		523C117E2829BEAD009A6474 = {
			isa = PBXGroup;
			children = (
				523C11892829BEAD009A6474 /* LDPCDecoders */,
				523C11882829BEAD009A6474 /* Products */,
			);
			sourceTree = "<group>";
		};
		523C11882829BEAD009A6474 /* Products */ = {
			isa = PBXGroup;
			children = (
				523C11872829BEAD009A6474 /* LDPCDecoders */,
			);
			name = Products;
			sourceTree = "<group>";
		};
		523C11892829BEAD009A6474 /* LDPCDecoders */ = {
			isa = PBXGroup;
			children = (
				52A255A82847DC84001D434C /* int_z2.cpp */,
				52A255A92847DC84001D434C /* int_z2.hpp */,
				523C1194282B30E4009A6474 /* vide_decoder.cpp */,
				523C1195282B30E4009A6474 /* vide_decoder.hpp */,
				523C11912829BF4D009A6474 /* HGP_code.cpp */,
				523C11922829BF4D009A6474 /* HGP_code.hpp */,
				523C118A2829BEAD009A6474 /* main.cpp */,
				528A5B9E283D57CC004BE9AC /* dense_z2_solver.cpp */,
				528A5B9F283D57CC004BE9AC /* dense_z2_solver.hpp */,
				52A255AB2848021C001D434C /* sparse_z2_solver.cpp */,
				52A255AC2848021C001D434C /* sparse_z2_solver.hpp */,
			);
			path = LDPCDecoders;
			sourceTree = "<group>";
		};
/* End PBXGroup section */

/* Begin PBXNativeTarget section */
		523C11862829BEAD009A6474 /* LDPCDecoders */ = {
			isa = PBXNativeTarget;
			buildConfigurationList = 523C118E2829BEAD009A6474 /* Build configuration list for PBXNativeTarget "LDPCDecoders" */;
			buildPhases = (
				523C11832829BEAD009A6474 /* Sources */,
				523C11842829BEAD009A6474 /* Frameworks */,
				523C11852829BEAD009A6474 /* CopyFiles */,
			);
			buildRules = (
			);
			dependencies = (
			);
			name = LDPCDecoders;
			productName = LDPCDecoders;
			productReference = 523C11872829BEAD009A6474 /* LDPCDecoders */;
			productType = "com.apple.product-type.tool";
		};
/* End PBXNativeTarget section */

/* Begin PBXProject section */
		523C117F2829BEAD009A6474 /* Project object */ = {
			isa = PBXProject;
			attributes = {
				BuildIndependentTargetsInParallel = 1;
				LastUpgradeCheck = 1330;
				TargetAttributes = {
					523C11862829BEAD009A6474 = {
						CreatedOnToolsVersion = 13.3.1;
					};
				};
			};
			buildConfigurationList = 523C11822829BEAD009A6474 /* Build configuration list for PBXProject "LDPCDecoders" */;
			compatibilityVersion = "Xcode 13.0";
			developmentRegion = en;
			hasScannedForEncodings = 0;
			knownRegions = (
				en,
				Base,
			);
			mainGroup = 523C117E2829BEAD009A6474;
			productRefGroup = 523C11882829BEAD009A6474 /* Products */;
			projectDirPath = "";
			projectRoot = "";
			targets = (
				523C11862829BEAD009A6474 /* LDPCDecoders */,
			);
		};
/* End PBXProject section */

/* Begin PBXSourcesBuildPhase section */
		523C11832829BEAD009A6474 /* Sources */ = {
			isa = PBXSourcesBuildPhase;
			buildActionMask = 2147483647;
			files = (
				523C1196282B30E4009A6474 /* vide_decoder.cpp in Sources */,
				523C11932829BF4D009A6474 /* HGP_code.cpp in Sources */,
				52A255AD2848021C001D434C /* sparse_z2_solver.cpp in Sources */,
				528A5BA0283D57CC004BE9AC /* dense_z2_solver.cpp in Sources */,
				523C118B2829BEAD009A6474 /* main.cpp in Sources */,
				52A255AA2847DC84001D434C /* int_z2.cpp in Sources */,
			);
			runOnlyForDeploymentPostprocessing = 0;
		};
/* End PBXSourcesBuildPhase section */

/* Begin XCBuildConfiguration section */
		523C118C2829BEAD009A6474 /* Debug */ = {
			isa = XCBuildConfiguration;
			buildSettings = {
				ALWAYS_SEARCH_USER_PATHS = NO;
				CLANG_ANALYZER_NONNULL = YES;
				CLANG_ANALYZER_NUMBER_OBJECT_CONVERSION = YES_AGGRESSIVE;
				CLANG_CXX_LANGUAGE_STANDARD = "gnu++17";
				CLANG_ENABLE_MODULES = YES;
				CLANG_ENABLE_OBJC_ARC = YES;
				CLANG_ENABLE_OBJC_WEAK = YES;
				CLANG_WARN_BLOCK_CAPTURE_AUTORELEASING = YES;
				CLANG_WARN_BOOL_CONVERSION = YES;
				CLANG_WARN_COMMA = YES;
				CLANG_WARN_CONSTANT_CONVERSION = YES;
				CLANG_WARN_DEPRECATED_OBJC_IMPLEMENTATIONS = YES;
				CLANG_WARN_DIRECT_OBJC_ISA_USAGE = YES_ERROR;
				CLANG_WARN_DOCUMENTATION_COMMENTS = YES;
				CLANG_WARN_EMPTY_BODY = YES;
				CLANG_WARN_ENUM_CONVERSION = YES;
				CLANG_WARN_INFINITE_RECURSION = YES;
				CLANG_WARN_INT_CONVERSION = YES;
				CLANG_WARN_NON_LITERAL_NULL_CONVERSION = YES;
				CLANG_WARN_OBJC_IMPLICIT_RETAIN_SELF = YES;
				CLANG_WARN_OBJC_LITERAL_CONVERSION = YES;
				CLANG_WARN_OBJC_ROOT_CLASS = YES_ERROR;
				CLANG_WARN_QUOTED_INCLUDE_IN_FRAMEWORK_HEADER = YES;
				CLANG_WARN_RANGE_LOOP_ANALYSIS = YES;
				CLANG_WARN_STRICT_PROTOTYPES = YES;
				CLANG_WARN_SUSPICIOUS_MOVE = YES;
				CLANG_WARN_UNGUARDED_AVAILABILITY = YES_AGGRESSIVE;
				CLANG_WARN_UNREACHABLE_CODE = YES;
				CLANG_WARN__DUPLICATE_METHOD_MATCH = YES;
				COPY_PHASE_STRIP = NO;
				DEBUG_INFORMATION_FORMAT = dwarf;
				ENABLE_STRICT_OBJC_MSGSEND = YES;
				ENABLE_TESTABILITY = YES;
				GCC_C_LANGUAGE_STANDARD = gnu11;
				GCC_DYNAMIC_NO_PIC = NO;
				GCC_NO_COMMON_BLOCKS = YES;
				GCC_OPTIMIZATION_LEVEL = 0;
				GCC_PREPROCESSOR_DEFINITIONS = (
					"DEBUG=1",
					"$(inherited)",
				);
				GCC_WARN_64_TO_32_BIT_CONVERSION = YES;
				GCC_WARN_ABOUT_RETURN_TYPE = YES_ERROR;
				GCC_WARN_UNDECLARED_SELECTOR = YES;
				GCC_WARN_UNINITIALIZED_AUTOS = YES_AGGRESSIVE;
				GCC_WARN_UNUSED_FUNCTION = YES;
				GCC_WARN_UNUSED_VARIABLE = YES;
				MACOSX_DEPLOYMENT_TARGET = 12.3;
				MTL_ENABLE_DEBUG_INFO = INCLUDE_SOURCE;
				MTL_FAST_MATH = YES;
				ONLY_ACTIVE_ARCH = YES;
				SDKROOT = macosx;
			};
			name = Debug;
		};
		523C118D2829BEAD009A6474 /* Release */ = {
			isa = XCBuildConfiguration;
			buildSettings = {
				ALWAYS_SEARCH_USER_PATHS = NO;
				CLANG_ANALYZER_NONNULL = YES;
				CLANG_ANALYZER_NUMBER_OBJECT_CONVERSION = YES_AGGRESSIVE;
				CLANG_CXX_LANGUAGE_STANDARD = "gnu++17";
				CLANG_ENABLE_MODULES = YES;
				CLANG_ENABLE_OBJC_ARC = YES;
				CLANG_ENABLE_OBJC_WEAK = YES;
				CLANG_WARN_BLOCK_CAPTURE_AUTORELEASING = YES;
				CLANG_WARN_BOOL_CONVERSION = YES;
				CLANG_WARN_COMMA = YES;
				CLANG_WARN_CONSTANT_CONVERSION = YES;
				CLANG_WARN_DEPRECATED_OBJC_IMPLEMENTATIONS = YES;
				CLANG_WARN_DIRECT_OBJC_ISA_USAGE = YES_ERROR;
				CLANG_WARN_DOCUMENTATION_COMMENTS = YES;
				CLANG_WARN_EMPTY_BODY = YES;
				CLANG_WARN_ENUM_CONVERSION = YES;
				CLANG_WARN_INFINITE_RECURSION = YES;
				CLANG_WARN_INT_CONVERSION = YES;
				CLANG_WARN_NON_LITERAL_NULL_CONVERSION = YES;
				CLANG_WARN_OBJC_IMPLICIT_RETAIN_SELF = YES;
				CLANG_WARN_OBJC_LITERAL_CONVERSION = YES;
				CLANG_WARN_OBJC_ROOT_CLASS = YES_ERROR;
				CLANG_WARN_QUOTED_INCLUDE_IN_FRAMEWORK_HEADER = YES;
				CLANG_WARN_RANGE_LOOP_ANALYSIS = YES;
				CLANG_WARN_STRICT_PROTOTYPES = YES;
				CLANG_WARN_SUSPICIOUS_MOVE = YES;
				CLANG_WARN_UNGUARDED_AVAILABILITY = YES_AGGRESSIVE;
				CLANG_WARN_UNREACHABLE_CODE = YES;
				CLANG_WARN__DUPLICATE_METHOD_MATCH = YES;
				COPY_PHASE_STRIP = NO;
				DEBUG_INFORMATION_FORMAT = "dwarf-with-dsym";
				ENABLE_NS_ASSERTIONS = NO;
				ENABLE_STRICT_OBJC_MSGSEND = YES;
				GCC_C_LANGUAGE_STANDARD = gnu11;
				GCC_NO_COMMON_BLOCKS = YES;
				GCC_WARN_64_TO_32_BIT_CONVERSION = YES;
				GCC_WARN_ABOUT_RETURN_TYPE = YES_ERROR;
				GCC_WARN_UNDECLARED_SELECTOR = YES;
				GCC_WARN_UNINITIALIZED_AUTOS = YES_AGGRESSIVE;
				GCC_WARN_UNUSED_FUNCTION = YES;
				GCC_WARN_UNUSED_VARIABLE = YES;
				MACOSX_DEPLOYMENT_TARGET = 12.3;
				MTL_ENABLE_DEBUG_INFO = NO;
				MTL_FAST_MATH = YES;
				SDKROOT = macosx;
			};
			name = Release;
		};
		523C118F2829BEAD009A6474 /* Debug */ = {
			isa = XCBuildConfiguration;
			buildSettings = {
				CODE_SIGN_STYLE = Automatic;
				GCC_OPTIMIZATION_LEVEL = 3;
				"HEADER_SEARCH_PATHS[arch=*]" = (
					/opt/homebrew/Cellar/eigen/3.4.0_1/include/eigen3,
					/opt/homebrew/Cellar/boost/1.76.0/include,
				);
				PRODUCT_NAME = "$(TARGET_NAME)";
			};
			name = Debug;
		};
		523C11902829BEAD009A6474 /* Release */ = {
			isa = XCBuildConfiguration;
			buildSettings = {
				CODE_SIGN_STYLE = Automatic;
				GCC_OPTIMIZATION_LEVEL = 3;
				"HEADER_SEARCH_PATHS[arch=*]" = (
					/opt/homebrew/Cellar/eigen/3.4.0_1/include/eigen3,
					/opt/homebrew/Cellar/boost/1.76.0/include,
				);
				PRODUCT_NAME = "$(TARGET_NAME)";
			};
			name = Release;
		};
/* End XCBuildConfiguration section */

/* Begin XCConfigurationList section */
		523C11822829BEAD009A6474 /* Build configuration list for PBXProject "LDPCDecoders" */ = {
			isa = XCConfigurationList;
			buildConfigurations = (
				523C118C2829BEAD009A6474 /* Debug */,
				523C118D2829BEAD009A6474 /* Release */,
			);
			defaultConfigurationIsVisible = 0;
			defaultConfigurationName = Release;
		};
		523C118E2829BEAD009A6474 /* Build configuration list for PBXNativeTarget "LDPCDecoders" */ = {
			isa = XCConfigurationList;
			buildConfigurations = (
				523C118F2829BEAD009A6474 /* Debug */,
				523C11902829BEAD009A6474 /* Release */,
			);
			defaultConfigurationIsVisible = 0;
			defaultConfigurationName = Release;
		};
/* End XCConfigurationList section */
	};
	rootObject = 523C117F2829BEAD009A6474 /* Project object */;
}
